
Microsoft Visual Studio Solution File, Format Version 12.00
# Visual Studio 2015
Project("{FAE04EC0-301F-11D3-BF4B-00C04F79EFBC}") = "GF_3_1_3_Demo", "GF_3_1_3_Demo.csproj", "{90D2B1DE-213E-DAEC-7836-332FF4ACBD09}"
EndProject
Project("{FAE04EC0-301F-11D3-BF4B-00C04F79EFBC}") = "GF_3_1_3_Demo.Editor", "GF_3_1_3_Demo.Editor.csproj", "{D618518A-4E83-5378-C19B-7D0CB4B4F8DE}"
EndProject
Global
	GlobalSection(SolutionConfigurationPlatforms) = preSolution
		Debug|Any CPU = Debug|Any CPU
		Release|Any CPU = Release|Any CPU
	EndGlobalSection
	GlobalSection(ProjectConfigurationPlatforms) = postSolution
		{90D2B1DE-213E-DAEC-7836-332FF4ACBD09}.Debug|Any CPU.ActiveCfg = Debug|Any CPU
		{90D2B1DE-213E-DAEC-7836-332FF4ACBD09}.Debug|Any CPU.Build.0 = Debug|Any CPU
		{90D2B1DE-213E-DAEC-7836-332FF4ACBD09}.Release|Any CPU.ActiveCfg = Release|Any CPU
		{90D2B1DE-213E-DAEC-7836-332FF4ACBD09}.Release|Any CPU.Build.0 = Release|Any CPU
		{D618518A-4E83-5378-C19B-7D0CB4B4F8DE}.Debug|Any CPU.ActiveCfg = Debug|Any CPU
		{D618518A-4E83-5378-C19B-7D0CB4B4F8DE}.Debug|Any CPU.Build.0 = Debug|Any CPU
		{D618518A-4E83-5378-C19B-7D0CB4B4F8DE}.Release|Any CPU.ActiveCfg = Release|Any CPU
		{D618518A-4E83-5378-C19B-7D0CB4B4F8DE}.Release|Any CPU.Build.0 = Release|Any CPU
	EndGlobalSection
	GlobalSection(SolutionProperties) = preSolution
		HideSolutionNode = FALSE
	EndGlobalSection
EndGlobal
